
Microsoft Visual Studio Solution File, Format Version 12.00
# Visual Studio Version 17
VisualStudioVersion = 17.9.34607.119
MinimumVisualStudioVersion = 10.0.40219.1
Project("{FAE04EC0-301F-11D3-BF4B-00C04F79EFBC}") = "Robo_Tupiniquim.ConsoleApp", "Robo_Tupiniquim.ConsoleApp\Robo_Tupiniquim.ConsoleApp.csproj", "{73722559-B389-4B87-AF3E-2DF2261FA2ED}"
EndProject
Global
	GlobalSection(SolutionConfigurationPlatforms) = preSolution
		Debug|Any CPU = Debug|Any CPU
		Release|Any CPU = Release|Any CPU
	EndGlobalSection
	GlobalSection(ProjectConfigurationPlatforms) = postSolution
		{73722559-B389-4B87-AF3E-2DF2261FA2ED}.Debug|Any CPU.ActiveCfg = Debug|Any CPU
		{73722559-B389-4B87-AF3E-2DF2261FA2ED}.Debug|Any CPU.Build.0 = Debug|Any CPU
		{73722559-B389-4B87-AF3E-2DF2261FA2ED}.Release|Any CPU.ActiveCfg = Release|Any CPU
		{73722559-B389-4B87-AF3E-2DF2261FA2ED}.Release|Any CPU.Build.0 = Release|Any CPU
	EndGlobalSection
	GlobalSection(SolutionProperties) = preSolution
		HideSolutionNode = FALSE
	EndGlobalSection
	GlobalSection(ExtensibilityGlobals) = postSolution
		SolutionGuid = {0D87BFA5-56A5-457B-9980-390B387E1FF2}
	EndGlobalSection
EndGlobal
